// !$*UTF8*$!
{
	archiveVersion = 1;
	classes = {
	};
	objectVersion = 46;
	objects = {

/* Begin PBXBuildFile section */
		EBB7CC3B1947C78C00F1D93D /* AppDelegate.swift in Sources */ = {isa = PBXBuildFile; fileRef = EBB7CC3A1947C78C00F1D93D /* AppDelegate.swift */; };
		EBB7CC3D1947C78C00F1D93D /* Images.xcassets in Resources */ = {isa = PBXBuildFile; fileRef = EBB7CC3C1947C78C00F1D93D /* Images.xcassets */; };
		EBB7CC491947C78D00F1D93D /* Project__MTests.swift in Sources */ = {isa = PBXBuildFile; fileRef = EBB7CC481947C78D00F1D93D /* Project__MTests.swift */; };
/* End PBXBuildFile section */

/* Begin PBXContainerItemProxy section */
		EBB7CC431947C78D00F1D93D /* PBXContainerItemProxy */ = {
			isa = PBXContainerItemProxy;
			containerPortal = EBB7CC2D1947C78C00F1D93D /* Project object */;
			proxyType = 1;
			remoteGlobalIDString = EBB7CC341947C78C00F1D93D;
			remoteInfo = "Project: M";
		};
/* End PBXContainerItemProxy section */

/* Begin PBXFileReference section */
		EBB7CC351947C78C00F1D93D /* Project: M.app */ = {isa = PBXFileReference; explicitFileType = wrapper.application; includeInIndex = 0; path = "Project: M.app"; sourceTree = BUILT_PRODUCTS_DIR; };
		EBB7CC391947C78C00F1D93D /* Info.plist */ = {isa = PBXFileReference; lastKnownFileType = text.plist.xml; path = Info.plist; sourceTree = "<group>"; };
		EBB7CC3A1947C78C00F1D93D /* AppDelegate.swift */ = {isa = PBXFileReference; lastKnownFileType = sourcecode.swift; path = AppDelegate.swift; sourceTree = "<group>"; };
		EBB7CC3C1947C78C00F1D93D /* Images.xcassets */ = {isa = PBXFileReference; lastKnownFileType = folder.assetcatalog; path = Images.xcassets; sourceTree = "<group>"; };
		EBB7CC421947C78D00F1D93D /* Project: MTests.xctest */ = {isa = PBXFileReference; explicitFileType = wrapper.cfbundle; includeInIndex = 0; path = "Project: MTests.xctest"; sourceTree = BUILT_PRODUCTS_DIR; };
		EBB7CC471947C78D00F1D93D /* Info.plist */ = {isa = PBXFileReference; lastKnownFileType = text.plist.xml; path = Info.plist; sourceTree = "<group>"; };
		EBB7CC481947C78D00F1D93D /* Project__MTests.swift */ = {isa = PBXFileReference; lastKnownFileType = sourcecode.swift; path = Project__MTests.swift; sourceTree = "<group>"; };
/* End PBXFileReference section */

/* Begin PBXFrameworksBuildPhase section */
		EBB7CC321947C78C00F1D93D /* Frameworks */ = {
			isa = PBXFrameworksBuildPhase;
			buildActionMask = 2147483647;
			files = (
			);
			runOnlyForDeploymentPostprocessing = 0;
		};
		EBB7CC3F1947C78D00F1D93D /* Frameworks */ = {
			isa = PBXFrameworksBuildPhase;
			buildActionMask = 2147483647;
			files = (
			);
			runOnlyForDeploymentPostprocessing = 0;
		};
/* End PBXFrameworksBuildPhase section */

/* Begin PBXGroup section */
		EBB7CC2C1947C78C00F1D93D = {
			isa = PBXGroup;
			children = (
				EBB7CC371947C78C00F1D93D /* Project: M */,
				EBB7CC451947C78D00F1D93D /* Project: MTests */,
				EBB7CC361947C78C00F1D93D /* Products */,
			);
			sourceTree = "<group>";
		};
		EBB7CC361947C78C00F1D93D /* Products */ = {
			isa = PBXGroup;
			children = (
				EBB7CC351947C78C00F1D93D /* Project: M.app */,
				EBB7CC421947C78D00F1D93D /* Project: MTests.xctest */,
			);
			name = Products;
			sourceTree = "<group>";
		};
		EBB7CC371947C78C00F1D93D /* Project: M */ = {
			isa = PBXGroup;
			children = (
				EBB7CC3A1947C78C00F1D93D /* AppDelegate.swift */,
				EBB7CC3C1947C78C00F1D93D /* Images.xcassets */,
				EBB7CC381947C78C00F1D93D /* Supporting Files */,
			);
			path = "Project: M";
			sourceTree = "<group>";
		};
		EBB7CC381947C78C00F1D93D /* Supporting Files */ = {
			isa = PBXGroup;
			children = (
				EBB7CC391947C78C00F1D93D /* Info.plist */,
			);
			name = "Supporting Files";
			sourceTree = "<group>";
		};
		EBB7CC451947C78D00F1D93D /* Project: MTests */ = {
			isa = PBXGroup;
			children = (
				EBB7CC481947C78D00F1D93D /* Project__MTests.swift */,
				EBB7CC461947C78D00F1D93D /* Supporting Files */,
			);
			path = "Project: MTests";
			sourceTree = "<group>";
		};
		EBB7CC461947C78D00F1D93D /* Supporting Files */ = {
			isa = PBXGroup;
			children = (
				EBB7CC471947C78D00F1D93D /* Info.plist */,
			);
			name = "Supporting Files";
			sourceTree = "<group>";
		};
/* End PBXGroup section */

/* Begin PBXNativeTarget section */
		EBB7CC341947C78C00F1D93D /* Project: M */ = {
			isa = PBXNativeTarget;
			buildConfigurationList = EBB7CC4C1947C78D00F1D93D /* Build configuration list for PBXNativeTarget "Project: M" */;
			buildPhases = (
				EBB7CC311947C78C00F1D93D /* Sources */,
				EBB7CC321947C78C00F1D93D /* Frameworks */,
				EBB7CC331947C78C00F1D93D /* Resources */,
			);
			buildRules = (
			);
			dependencies = (
			);
			name = "Project: M";
			productName = "Project: M";
			productReference = EBB7CC351947C78C00F1D93D /* Project: M.app */;
			productType = "com.apple.product-type.application";
		};
		EBB7CC411947C78D00F1D93D /* Project: MTests */ = {
			isa = PBXNativeTarget;
			buildConfigurationList = EBB7CC4F1947C78D00F1D93D /* Build configuration list for PBXNativeTarget "Project: MTests" */;
			buildPhases = (
				EBB7CC3E1947C78D00F1D93D /* Sources */,
				EBB7CC3F1947C78D00F1D93D /* Frameworks */,
				EBB7CC401947C78D00F1D93D /* Resources */,
			);
			buildRules = (
			);
			dependencies = (
				EBB7CC441947C78D00F1D93D /* PBXTargetDependency */,
			);
			name = "Project: MTests";
			productName = "Project: MTests";
			productReference = EBB7CC421947C78D00F1D93D /* Project: MTests.xctest */;
			productType = "com.apple.product-type.bundle.unit-test";
		};
/* End PBXNativeTarget section */

/* Begin PBXProject section */
		EBB7CC2D1947C78C00F1D93D /* Project object */ = {
			isa = PBXProject;
			attributes = {
				LastUpgradeCheck = 0600;
				ORGANIZATIONNAME = "Super Unreasonable";
				TargetAttributes = {
					EBB7CC341947C78C00F1D93D = {
						CreatedOnToolsVersion = 6.0;
					};
					EBB7CC411947C78D00F1D93D = {
						CreatedOnToolsVersion = 6.0;
						TestTargetID = EBB7CC341947C78C00F1D93D;
					};
				};
			};
			buildConfigurationList = EBB7CC301947C78C00F1D93D /* Build configuration list for PBXProject "Project: M" */;
			compatibilityVersion = "Xcode 3.2";
			developmentRegion = English;
			hasScannedForEncodings = 0;
			knownRegions = (
				en,
			);
			mainGroup = EBB7CC2C1947C78C00F1D93D;
			productRefGroup = EBB7CC361947C78C00F1D93D /* Products */;
			projectDirPath = "";
			projectRoot = "";
			targets = (
				EBB7CC341947C78C00F1D93D /* Project: M */,
				EBB7CC411947C78D00F1D93D /* Project: MTests */,
			);
		};
/* End PBXProject section */

/* Begin PBXResourcesBuildPhase section */
		EBB7CC331947C78C00F1D93D /* Resources */ = {
			isa = PBXResourcesBuildPhase;
			buildActionMask = 2147483647;
			files = (
				EBB7CC3D1947C78C00F1D93D /* Images.xcassets in Resources */,
			);
			runOnlyForDeploymentPostprocessing = 0;
		};
		EBB7CC401947C78D00F1D93D /* Resources */ = {
			isa = PBXResourcesBuildPhase;
			buildActionMask = 2147483647;
			files = (
			);
			runOnlyForDeploymentPostprocessing = 0;
		};
/* End PBXResourcesBuildPhase section */

/* Begin PBXSourcesBuildPhase section */
		EBB7CC311947C78C00F1D93D /* Sources */ = {
			isa = PBXSourcesBuildPhase;
			buildActionMask = 2147483647;
			files = (
				EBB7CC3B1947C78C00F1D93D /* AppDelegate.swift in Sources */,
			);
			runOnlyForDeploymentPostprocessing = 0;
		};
		EBB7CC3E1947C78D00F1D93D /* Sources */ = {
			isa = PBXSourcesBuildPhase;
			buildActionMask = 2147483647;
			files = (
				EBB7CC491947C78D00F1D93D /* Project__MTests.swift in Sources */,
			);
			runOnlyForDeploymentPostprocessing = 0;
		};
/* End PBXSourcesBuildPhase section */

/* Begin PBXTargetDependency section */
		EBB7CC441947C78D00F1D93D /* PBXTargetDependency */ = {
			isa = PBXTargetDependency;
			target = EBB7CC341947C78C00F1D93D /* Project: M */;
			targetProxy = EBB7CC431947C78D00F1D93D /* PBXContainerItemProxy */;
		};
/* End PBXTargetDependency section */

/* Begin XCBuildConfiguration section */
		EBB7CC4A1947C78D00F1D93D /* Debug */ = {
			isa = XCBuildConfiguration;
			buildSettings = {
				ALWAYS_SEARCH_USER_PATHS = NO;
				CLANG_CXX_LANGUAGE_STANDARD = "gnu++0x";
				CLANG_CXX_LIBRARY = "libc++";
				CLANG_ENABLE_MODULES = YES;
				CLANG_ENABLE_OBJC_ARC = YES;
				CLANG_WARN_BOOL_CONVERSION = YES;
				CLANG_WARN_CONSTANT_CONVERSION = YES;
				CLANG_WARN_DIRECT_OBJC_ISA_USAGE = YES_ERROR;
				CLANG_WARN_EMPTY_BODY = YES;
				CLANG_WARN_ENUM_CONVERSION = YES;
				CLANG_WARN_INT_CONVERSION = YES;
				CLANG_WARN_OBJC_ROOT_CLASS = YES_ERROR;
				CLANG_WARN_UNREACHABLE_CODE = YES;
				CLANG_WARN__DUPLICATE_METHOD_MATCH = YES;
				"CODE_SIGN_IDENTITY[sdk=iphoneos*]" = "iPhone Developer";
				COPY_PHASE_STRIP = NO;
				ENABLE_STRICT_OBJC_MSGSEND = YES;
				GCC_C_LANGUAGE_STANDARD = gnu99;
				GCC_DYNAMIC_NO_PIC = NO;
				GCC_OPTIMIZATION_LEVEL = 0;
				GCC_PREPROCESSOR_DEFINITIONS = (
					"DEBUG=1",
					"$(inherited)",
				);
				GCC_SYMBOLS_PRIVATE_EXTERN = NO;
				GCC_WARN_64_TO_32_BIT_CONVERSION = YES;
				GCC_WARN_ABOUT_RETURN_TYPE = YES_ERROR;
				GCC_WARN_UNDECLARED_SELECTOR = YES;
				GCC_WARN_UNINITIALIZED_AUTOS = YES_AGGRESSIVE;
				GCC_WARN_UNUSED_FUNCTION = YES;
				GCC_WARN_UNUSED_VARIABLE = YES;
				IPHONEOS_DEPLOYMENT_TARGET = 8.0;
				METAL_ENABLE_DEBUG_INFO = YES;
				ONLY_ACTIVE_ARCH = YES;
				SDKROOT = iphoneos;
				SWIFT_OPTIMIZATION_LEVEL = "-Onone";
				TARGETED_DEVICE_FAMILY = "1,2";
			};
			name = Debug;
		};
		EBB7CC4B1947C78D00F1D93D /* Release */ = {
			isa = XCBuildConfiguration;
			buildSettings = {
				ALWAYS_SEARCH_USER_PATHS = NO;
				CLANG_CXX_LANGUAGE_STANDARD = "gnu++0x";
				CLANG_CXX_LIBRARY = "libc++";
				CLANG_ENABLE_MODULES = YES;
				CLANG_ENABLE_OBJC_ARC = YES;
				CLANG_WARN_BOOL_CONVERSION = YES;
				CLANG_WARN_CONSTANT_CONVERSION = YES;
				CLANG_WARN_DIRECT_OBJC_ISA_USAGE = YES_ERROR;
				CLANG_WARN_EMPTY_BODY = YES;
				CLANG_WARN_ENUM_CONVERSION = YES;
				CLANG_WARN_INT_CONVERSION = YES;
				CLANG_WARN_OBJC_ROOT_CLASS = YES_ERROR;
				CLANG_WARN_UNREACHABLE_CODE = YES;
				CLANG_WARN__DUPLICATE_METHOD_MATCH = YES;
				"CODE_SIGN_IDENTITY[sdk=iphoneos*]" = "iPhone Developer";
				COPY_PHASE_STRIP = YES;
				ENABLE_NS_ASSERTIONS = NO;
				ENABLE_STRICT_OBJC_MSGSEND = YES;
				GCC_C_LANGUAGE_STANDARD = gnu99;
				GCC_WARN_64_TO_32_BIT_CONVERSION = YES;
				GCC_WARN_ABOUT_RETURN_TYPE = YES_ERROR;
				GCC_WARN_UNDECLARED_SELECTOR = YES;
				GCC_WARN_UNINITIALIZED_AUTOS = YES_AGGRESSIVE;
				GCC_WARN_UNUSED_FUNCTION = YES;
				GCC_WARN_UNUSED_VARIABLE = YES;
				IPHONEOS_DEPLOYMENT_TARGET = 8.0;
				METAL_ENABLE_DEBUG_INFO = NO;
				SDKROOT = iphoneos;
				TARGETED_DEVICE_FAMILY = "1,2";
				VALIDATE_PRODUCT = YES;
			};
			name = Release;
		};
		EBB7CC4D1947C78D00F1D93D /* Debug */ = {
			isa = XCBuildConfiguration;
			buildSettings = {
				ASSETCATALOG_COMPILER_APPICON_NAME = AppIcon;
				ASSETCATALOG_COMPILER_LAUNCHIMAGE_NAME = LaunchImage;
				INFOPLIST_FILE = "Project: M/Info.plist";
				LD_RUNPATH_SEARCH_PATHS = "$(inherited) @executable_path/Frameworks";
				PRODUCT_NAME = "$(TARGET_NAME)";
			};
			name = Debug;
		};
		EBB7CC4E1947C78D00F1D93D /* Release */ = {
			isa = XCBuildConfiguration;
			buildSettings = {
				ASSETCATALOG_COMPILER_APPICON_NAME = AppIcon;
				ASSETCATALOG_COMPILER_LAUNCHIMAGE_NAME = LaunchImage;
				INFOPLIST_FILE = "Project: M/Info.plist";
				LD_RUNPATH_SEARCH_PATHS = "$(inherited) @executable_path/Frameworks";
				PRODUCT_NAME = "$(TARGET_NAME)";
			};
			name = Release;
		};
		EBB7CC501947C78D00F1D93D /* Debug */ = {
			isa = XCBuildConfiguration;
			buildSettings = {
				BUNDLE_LOADER = "$(BUILT_PRODUCTS_DIR)/Project: M.app/Project: M";
				FRAMEWORK_SEARCH_PATHS = (
					"$(SDKROOT)/Developer/Library/Frameworks",
					"$(inherited)",
				);
				GCC_PREPROCESSOR_DEFINITIONS = (
					"DEBUG=1",
					"$(inherited)",
				);
				INFOPLIST_FILE = "Project: MTests/Info.plist";
				LD_RUNPATH_SEARCH_PATHS = "$(inherited) @executable_path/Frameworks @loader_path/Frameworks";
				METAL_ENABLE_DEBUG_INFO = YES;
				PRODUCT_NAME = "$(TARGET_NAME)";
				TEST_HOST = "$(BUNDLE_LOADER)";
			};
			name = Debug;
		};
		EBB7CC511947C78D00F1D93D /* Release */ = {
			isa = XCBuildConfiguration;
			buildSettings = {
				BUNDLE_LOADER = "$(BUILT_PRODUCTS_DIR)/Project: M.app/Project: M";
				FRAMEWORK_SEARCH_PATHS = (
					"$(SDKROOT)/Developer/Library/Frameworks",
					"$(inherited)",
				);
				INFOPLIST_FILE = "Project: MTests/Info.plist";
				LD_RUNPATH_SEARCH_PATHS = "$(inherited) @executable_path/Frameworks @loader_path/Frameworks";
				METAL_ENABLE_DEBUG_INFO = NO;
				PRODUCT_NAME = "$(TARGET_NAME)";
				TEST_HOST = "$(BUNDLE_LOADER)";
			};
			name = Release;
		};
/* End XCBuildConfiguration section */

/* Begin XCConfigurationList section */
		EBB7CC301947C78C00F1D93D /* Build configuration list for PBXProject "Project: M" */ = {
			isa = XCConfigurationList;
			buildConfigurations = (
				EBB7CC4A1947C78D00F1D93D /* Debug */,
				EBB7CC4B1947C78D00F1D93D /* Release */,
			);
			defaultConfigurationIsVisible = 0;
			defaultConfigurationName = Release;
		};
		EBB7CC4C1947C78D00F1D93D /* Build configuration list for PBXNativeTarget "Project: M" */ = {
			isa = XCConfigurationList;
			buildConfigurations = (
				EBB7CC4D1947C78D00F1D93D /* Debug */,
				EBB7CC4E1947C78D00F1D93D /* Release */,
			);
			defaultConfigurationIsVisible = 0;
		};
		EBB7CC4F1947C78D00F1D93D /* Build configuration list for PBXNativeTarget "Project: MTests" */ = {
			isa = XCConfigurationList;
			buildConfigurations = (
				EBB7CC501947C78D00F1D93D /* Debug */,
				EBB7CC511947C78D00F1D93D /* Release */,
			);
			defaultConfigurationIsVisible = 0;
		};
/* End XCConfigurationList section */
	};
	rootObject = EBB7CC2D1947C78C00F1D93D /* Project object */;
}
